<?xml version="1.0" encoding="UTF-8"?>
<CodeBlocks_project_file>
	<FileVersion major="1" minor="6"/>
	<Project>
		<Option title="Encrypted_p2p"/>
		<Option makefile_is_custom="1"/>
		<Option compiler="gcc"/>
		<Option virtualFolders="CMake Files\;"/>
		<Build>
			<Target title="all">
				<Option working_dir="/Users/navinr/CLionProjects/Encrypted-p2p-develop"/>
				<Option type="4"/>
				<MakeCommands>
					<Build command="/usr/bin/make -j4 -f &quot;/Users/navinr/CLionProjects/Encrypted-p2p-develop/Makefile&quot;  VERBOSE=1 all"/>
					<CompileFile command="/usr/bin/make -j4 -f &quot;/Users/navinr/CLionProjects/Encrypted-p2p-develop/Makefile&quot;  VERBOSE=1 &quot;$file&quot;"/>
					<Clean command="/usr/bin/make -j4 -f &quot;/Users/navinr/CLionProjects/Encrypted-p2p-develop/Makefile&quot;  VERBOSE=1 clean"/>
					<DistClean command="/usr/bin/make -j4 -f &quot;/Users/navinr/CLionProjects/Encrypted-p2p-develop/Makefile&quot;  VERBOSE=1 clean"/>
				</MakeCommands>
			</Target>
			<Target title="rebuild_cache">
				<Option working_dir="/Users/navinr/CLionProjects/Encrypted-p2p-develop"/>
				<Option type="4"/>
				<MakeCommands>
					<Build command="/usr/bin/make -j4 -f &quot;/Users/navinr/CLionProjects/Encrypted-p2p-develop/Makefile&quot;  VERBOSE=1 rebuild_cache"/>
					<CompileFile command="/usr/bin/make -j4 -f &quot;/Users/navinr/CLionProjects/Encrypted-p2p-develop/Makefile&quot;  VERBOSE=1 &quot;$file&quot;"/>
					<Clean command="/usr/bin/make -j4 -f &quot;/Users/navinr/CLionProjects/Encrypted-p2p-develop/Makefile&quot;  VERBOSE=1 clean"/>
					<DistClean command="/usr/bin/make -j4 -f &quot;/Users/navinr/CLionProjects/Encrypted-p2p-develop/Makefile&quot;  VERBOSE=1 clean"/>
				</MakeCommands>
			</Target>
			<Target title="edit_cache">
				<Option working_dir="/Users/navinr/CLionProjects/Encrypted-p2p-develop"/>
				<Option type="4"/>
				<MakeCommands>
					<Build command="/usr/bin/make -j4 -f &quot;/Users/navinr/CLionProjects/Encrypted-p2p-develop/Makefile&quot;  VERBOSE=1 edit_cache"/>
					<CompileFile command="/usr/bin/make -j4 -f &quot;/Users/navinr/CLionProjects/Encrypted-p2p-develop/Makefile&quot;  VERBOSE=1 &quot;$file&quot;"/>
					<Clean command="/usr/bin/make -j4 -f &quot;/Users/navinr/CLionProjects/Encrypted-p2p-develop/Makefile&quot;  VERBOSE=1 clean"/>
					<DistClean command="/usr/bin/make -j4 -f &quot;/Users/navinr/CLionProjects/Encrypted-p2p-develop/Makefile&quot;  VERBOSE=1 clean"/>
				</MakeCommands>
			</Target>
			<Target title="Encrypted_p2p">
				<Option output="/Users/navinr/CLionProjects/Encrypted-p2p-develop/Encrypted_p2p" prefix_auto="0" extension_auto="0"/>
				<Option working_dir="/Users/navinr/CLionProjects/Encrypted-p2p-develop"/>
				<Option object_output="./"/>
				<Option type="1"/>
				<Option compiler="gcc"/>
				<Compiler>
					<Add directory="/usr/local/Cellar/openssl/1.0.2n/include"/>
					<Add directory="/Library/Developer/CommandLineTools/usr/include/c++/v1"/>
					<Add directory="/usr/local/include"/>
					<Add directory="/Library/Developer/CommandLineTools/usr/lib/clang/9.0.0/include"/>
					<Add directory="/Library/Developer/CommandLineTools/usr/include"/>
					<Add directory="/usr/include"/>
					<Add directory="/System/Library/Frameworks"/>
					<Add directory="/Library/Frameworks"/>
				</Compiler>
				<MakeCommands>
					<Build command="/usr/bin/make -j4 -f &quot;/Users/navinr/CLionProjects/Encrypted-p2p-develop/Makefile&quot;  VERBOSE=1 Encrypted_p2p"/>
					<CompileFile command="/usr/bin/make -j4 -f &quot;/Users/navinr/CLionProjects/Encrypted-p2p-develop/Makefile&quot;  VERBOSE=1 &quot;$file&quot;"/>
					<Clean command="/usr/bin/make -j4 -f &quot;/Users/navinr/CLionProjects/Encrypted-p2p-develop/Makefile&quot;  VERBOSE=1 clean"/>
					<DistClean command="/usr/bin/make -j4 -f &quot;/Users/navinr/CLionProjects/Encrypted-p2p-develop/Makefile&quot;  VERBOSE=1 clean"/>
				</MakeCommands>
			</Target>
			<Target title="Encrypted_p2p/fast">
				<Option output="/Users/navinr/CLionProjects/Encrypted-p2p-develop/Encrypted_p2p" prefix_auto="0" extension_auto="0"/>
				<Option working_dir="/Users/navinr/CLionProjects/Encrypted-p2p-develop"/>
				<Option object_output="./"/>
				<Option type="1"/>
				<Option compiler="gcc"/>
				<Compiler>
					<Add directory="/usr/local/Cellar/openssl/1.0.2n/include"/>
					<Add directory="/Library/Developer/CommandLineTools/usr/include/c++/v1"/>
					<Add directory="/usr/local/include"/>
					<Add directory="/Library/Developer/CommandLineTools/usr/lib/clang/9.0.0/include"/>
					<Add directory="/Library/Developer/CommandLineTools/usr/include"/>
					<Add directory="/usr/include"/>
					<Add directory="/System/Library/Frameworks"/>
					<Add directory="/Library/Frameworks"/>
				</Compiler>
				<MakeCommands>
					<Build command="/usr/bin/make -j4 -f &quot;/Users/navinr/CLionProjects/Encrypted-p2p-develop/Makefile&quot;  VERBOSE=1 Encrypted_p2p/fast"/>
					<CompileFile command="/usr/bin/make -j4 -f &quot;/Users/navinr/CLionProjects/Encrypted-p2p-develop/Makefile&quot;  VERBOSE=1 &quot;$file&quot;"/>
					<Clean command="/usr/bin/make -j4 -f &quot;/Users/navinr/CLionProjects/Encrypted-p2p-develop/Makefile&quot;  VERBOSE=1 clean"/>
					<DistClean command="/usr/bin/make -j4 -f &quot;/Users/navinr/CLionProjects/Encrypted-p2p-develop/Makefile&quot;  VERBOSE=1 clean"/>
				</MakeCommands>
			</Target>
		</Build>
		<Unit filename="/Users/navinr/CLionProjects/Encrypted-p2p-develop/main.cpp">
			<Option target="Encrypted_p2p"/>
		</Unit>
		<Unit filename="/Users/navinr/CLionProjects/Encrypted-p2p-develop/messageEncryption.h">
			<Option target="Encrypted_p2p"/>
		</Unit>
		<Unit filename="/Users/navinr/CLionProjects/Encrypted-p2p-develop/messageHandler.cpp">
			<Option target="Encrypted_p2p"/>
		</Unit>
		<Unit filename="/Users/navinr/CLionProjects/Encrypted-p2p-develop/messageHandler.h">
			<Option target="Encrypted_p2p"/>
		</Unit>
		<Unit filename="/Users/navinr/CLionProjects/Encrypted-p2p-develop/CMakeLists.txt">
			<Option virtualFolder="CMake Files\"/>
		</Unit>
	</Project>
</CodeBlocks_project_file>
